
Microsoft Visual Studio Solution File, Format Version 12.00
# Visual Studio Version 17
VisualStudioVersion = 17.2.32616.157
MinimumVisualStudioVersion = 10.0.40219.1
Project("{FAE04EC0-301F-11D3-BF4B-00C04F79EFBC}") = "WPF_GIT_4E", "WPF_GIT_4E\WPF_GIT_4E.csproj", "{1C23CEFF-C89F-4664-9275-1CC080D788C2}"
EndProject
Global
	GlobalSection(SolutionConfigurationPlatforms) = preSolution
		Debug|Any CPU = Debug|Any CPU
		Release|Any CPU = Release|Any CPU
	EndGlobalSection
	GlobalSection(ProjectConfigurationPlatforms) = postSolution
		{1C23CEFF-C89F-4664-9275-1CC080D788C2}.Debug|Any CPU.ActiveCfg = Debug|Any CPU
		{1C23CEFF-C89F-4664-9275-1CC080D788C2}.Debug|Any CPU.Build.0 = Debug|Any CPU
		{1C23CEFF-C89F-4664-9275-1CC080D788C2}.Release|Any CPU.ActiveCfg = Release|Any CPU
		{1C23CEFF-C89F-4664-9275-1CC080D788C2}.Release|Any CPU.Build.0 = Release|Any CPU
	EndGlobalSection
	GlobalSection(SolutionProperties) = preSolution
		HideSolutionNode = FALSE
	EndGlobalSection
	GlobalSection(ExtensibilityGlobals) = postSolution
		SolutionGuid = {040AE8EE-9C1D-4192-9DDD-63BE35187A41}
	EndGlobalSection
EndGlobal
